
Microsoft Visual Studio Solution File, Format Version 12.00
# Visual Studio Version 17
VisualStudioVersion = 17.10.35004.147
MinimumVisualStudioVersion = 10.0.40219.1
Project("{2150E333-8FDC-42A3-9474-1A3956D46DE8}") = "00_Opakovani", "00_Opakovani", "{1E99F166-1ED2-45F4-AD85-DA01DEE0F0A4}"
EndProject
Project("{9A19103F-16F7-4668-BE54-9A1E7A4F7556}") = "00-opakovani-00-ukazka", "00-opakovani-00-ukazka\00-opakovani-00-ukazka.csproj", "{A436DACD-0703-4880-A5C4-4DD29FEF2A92}"
EndProject
Project("{9A19103F-16F7-4668-BE54-9A1E7A4F7556}") = "00-opakovani-01-promenne", "00-opakovani-01-promenne\00-opakovani-01-promenne.csproj", "{79270631-E3A3-445F-8023-05D6ABB44075}"
EndProject
Project("{9A19103F-16F7-4668-BE54-9A1E7A4F7556}") = "00-opakovani-02-operace", "00-opakovani-02-operace\00-opakovani-02-operace.csproj", "{E59D7981-3775-471C-830E-4977BD7FB929}"
EndProject
Project("{9A19103F-16F7-4668-BE54-9A1E7A4F7556}") = "00-opakovani-03-obdelnik", "00-opakovani-03-obdelnik\00-opakovani-03-obdelnik.csproj", "{3D00DA9A-A5B1-427B-AD9F-228AD0F1934F}"
EndProject
Project("{9A19103F-16F7-4668-BE54-9A1E7A4F7556}") = "00-opakovani-04-kruh", "00-opakovani-04-kruh\00-opakovani-04-kruh.csproj", "{905D9BE0-03A0-4C85-B72E-D19C7A8E8960}"
EndProject
Project("{9A19103F-16F7-4668-BE54-9A1E7A4F7556}") = "00-opakovani-05-vetsi_cislo", "00-opakovani-05-vetsi_cislo\00-opakovani-05-vetsi_cislo.csproj", "{F10690BF-C0E9-4EEF-8B43-C0635421634C}"
EndProject
Project("{9A19103F-16F7-4668-BE54-9A1E7A4F7556}") = "00-opakovani-06-kladne_nebo_zaporne", "00-opakovani-06-kladne_nebo_zaporne\00-opakovani-06-kladne_nebo_zaporne.csproj", "{77006C9B-18D4-4217-A650-D6BDEC7BD999}"
EndProject
Project("{9A19103F-16F7-4668-BE54-9A1E7A4F7556}") = "00-opakovani-07-sude_nebo_liche", "00-opakovani-07-sude_nebo_liche\00-opakovani-07-sude_nebo_liche.csproj", "{ABA76852-BCCF-444D-92BC-2F4335EE9C40}"
EndProject
Project("{9A19103F-16F7-4668-BE54-9A1E7A4F7556}") = "00-opakovani-08-je_cele", "00-opakovani-08-je_cele\00-opakovani-08-je_cele.csproj", "{234A860D-0C31-4708-A8DA-82C00012C3BF}"
EndProject
Project("{9A19103F-16F7-4668-BE54-9A1E7A4F7556}") = "00-opakovani-09-prumerne_cislo", "00-opakovani-09-prumerne_cislo\00-opakovani-09-prumerne_cislo.csproj", "{D5ADF93C-F9CB-4F34-B303-1AD2EF6EFF36}"
EndProject
Project("{9A19103F-16F7-4668-BE54-9A1E7A4F7556}") = "00-opakovani-10-soucet", "00-opakovani-10-soucet\00-opakovani-10-soucet.csproj", "{C07A335B-FA1F-4681-9B67-68C4215ACBC5}"
EndProject
Project("{9A19103F-16F7-4668-BE54-9A1E7A4F7556}") = "00-opakovani-11-min_avg_max", "00-opakovani-11-min_avg_max\00-opakovani-11-min_avg_max.csproj", "{DEFAABA3-E045-4425-98AF-9592C631F2E6}"
EndProject
Project("{9A19103F-16F7-4668-BE54-9A1E7A4F7556}") = "00-opakovani-12-podmineny_soucin", "00-opakovani-12-podmineny_soucin\00-opakovani-12-podmineny_soucin.csproj", "{38E94999-7ACB-42AD-93C6-5BFECEF7F100}"
EndProject
Project("{9A19103F-16F7-4668-BE54-9A1E7A4F7556}") = "00-opakovani-13-prubezna_statistika", "00-opakovani-13-prubezna_statistika\00-opakovani-13-prubezna_statistika.csproj", "{C712925F-032A-441E-94D4-6AD0522440CA}"
EndProject
Project("{9A19103F-16F7-4668-BE54-9A1E7A4F7556}") = "00-opakovani-14-pocet_delitelnych", "00-opakovani-14-pocet_delitelnych\00-opakovani-14-pocet_delitelnych.csproj", "{8FE59A0A-9109-45A1-9591-371E0C642534}"
EndProject
Project("{9A19103F-16F7-4668-BE54-9A1E7A4F7556}") = "00-opakovani-15-je_trojuhlenik", "00-opakovani-15-je_trojuhlenik\00-opakovani-15-je_trojuhlenik.csproj", "{4341C440-E9D9-4847-BD40-60FF1432A438}"
EndProject
Project("{9A19103F-16F7-4668-BE54-9A1E7A4F7556}") = "00-opakovani-16-je_prvocislo", "00-opakovani-16-je_prvocislo\00-opakovani-16-je_prvocislo.csproj", "{2C192CDF-5AC4-4C38-954D-595D85BEB3F2}"
EndProject
Project("{9A19103F-16F7-4668-BE54-9A1E7A4F7556}") = "00-opakovani-17-napln_pole", "00-opakovani-17-napln_pole\00-opakovani-17-napln_pole.csproj", "{821EA112-D359-4DE4-875C-4732F1B0F191}"
EndProject
Project("{9A19103F-16F7-4668-BE54-9A1E7A4F7556}") = "00-opakovani-18-analyza_pole", "00-opakovani-18-analyza_pole\00-opakovani-18-analyza_pole.csproj", "{1ACE4672-2EBB-49D0-B317-11A3BF7A91B7}"
EndProject
Project("{9A19103F-16F7-4668-BE54-9A1E7A4F7556}") = "00-opakovani-19-pruchod_pole_po_indexech", "00-opakovani-19-pruchod_pole_po_indexech\00-opakovani-19-pruchod_pole_po_indexech.csproj", "{BCE484E8-6CB8-4023-9AB7-FEAEA5F08348}"
EndProject
Project("{9A19103F-16F7-4668-BE54-9A1E7A4F7556}") = "00-opakovani-20-min_avg_max", "00-opakovani-20-min_avg_max\00-opakovani-20-min_avg_max.csproj", "{EB8A57F1-23AA-4E6A-A1EF-88A5808F7B18}"
EndProject
Project("{9A19103F-16F7-4668-BE54-9A1E7A4F7556}") = "00-opakovani-21-vypisovaci_metoda", "00-opakovani-21-vypisovaci_metoda\00-opakovani-21-vypisovaci_metoda.csproj", "{8DAD1665-C5C6-4BD4-AA70-79A822EF06E8}"
EndProject
Project("{9A19103F-16F7-4668-BE54-9A1E7A4F7556}") = "00-opakovani-22-nacitaci_metoda", "00-opakovani-22-nacitaci_metoda\00-opakovani-22-nacitaci_metoda.csproj", "{EEA369DF-ACC7-4810-B3D6-F19AE563CC1B}"
EndProject
Project("{9A19103F-16F7-4668-BE54-9A1E7A4F7556}") = "00-opakovani-24-faktorial", "00-opakovani-24-faktorial\00-opakovani-24-faktorial.csproj", "{2C0845E3-A117-4ACD-A724-C89424BE8F9C}"
EndProject
Project("{9A19103F-16F7-4668-BE54-9A1E7A4F7556}") = "00-opakovani-25-vsechna_mensi_nez", "00-opakovani-25-vsechna_mensi_nez\00-opakovani-25-vsechna_mensi_nez.csproj", "{76A5B472-1525-4236-9298-8246F7B0EB56}"
EndProject
Project("{9A19103F-16F7-4668-BE54-9A1E7A4F7556}") = "00-opakovani-26-nacitani_sudych", "00-opakovani-26-nacitani_sudych\00-opakovani-26-nacitani_sudych.csproj", "{29CB28D6-EE4E-4B2C-93E0-C897DBB897B6}"
EndProject
Project("{9A19103F-16F7-4668-BE54-9A1E7A4F7556}") = "00-opakovani-27-vypis_podle_znaku", "00-opakovani-27-vypis_podle_znaku\00-opakovani-27-vypis_podle_znaku.csproj", "{C60333D3-6DB1-475C-86B0-E4267E02753A}"
EndProject
Project("{FAE04EC0-301F-11D3-BF4B-00C04F79EFBC}") = "00-opakovani-23-metody_koule", "00-opakovani-23-metody_koule\00-opakovani-23-metody_koule.csproj", "{7ABB55A5-0EAC-48B4-A7C0-1984EB97108C}"
EndProject
Global
	GlobalSection(SolutionConfigurationPlatforms) = preSolution
		Debug|Any CPU = Debug|Any CPU
		Release|Any CPU = Release|Any CPU
	EndGlobalSection
	GlobalSection(ProjectConfigurationPlatforms) = postSolution
		{A436DACD-0703-4880-A5C4-4DD29FEF2A92}.Debug|Any CPU.ActiveCfg = Debug|Any CPU
		{A436DACD-0703-4880-A5C4-4DD29FEF2A92}.Debug|Any CPU.Build.0 = Debug|Any CPU
		{A436DACD-0703-4880-A5C4-4DD29FEF2A92}.Release|Any CPU.ActiveCfg = Release|Any CPU
		{A436DACD-0703-4880-A5C4-4DD29FEF2A92}.Release|Any CPU.Build.0 = Release|Any CPU
		{79270631-E3A3-445F-8023-05D6ABB44075}.Debug|Any CPU.ActiveCfg = Debug|Any CPU
		{79270631-E3A3-445F-8023-05D6ABB44075}.Debug|Any CPU.Build.0 = Debug|Any CPU
		{79270631-E3A3-445F-8023-05D6ABB44075}.Release|Any CPU.ActiveCfg = Release|Any CPU
		{79270631-E3A3-445F-8023-05D6ABB44075}.Release|Any CPU.Build.0 = Release|Any CPU
		{E59D7981-3775-471C-830E-4977BD7FB929}.Debug|Any CPU.ActiveCfg = Debug|Any CPU
		{E59D7981-3775-471C-830E-4977BD7FB929}.Debug|Any CPU.Build.0 = Debug|Any CPU
		{E59D7981-3775-471C-830E-4977BD7FB929}.Release|Any CPU.ActiveCfg = Release|Any CPU
		{E59D7981-3775-471C-830E-4977BD7FB929}.Release|Any CPU.Build.0 = Release|Any CPU
		{3D00DA9A-A5B1-427B-AD9F-228AD0F1934F}.Debug|Any CPU.ActiveCfg = Debug|Any CPU
		{3D00DA9A-A5B1-427B-AD9F-228AD0F1934F}.Debug|Any CPU.Build.0 = Debug|Any CPU
		{3D00DA9A-A5B1-427B-AD9F-228AD0F1934F}.Release|Any CPU.ActiveCfg = Release|Any CPU
		{3D00DA9A-A5B1-427B-AD9F-228AD0F1934F}.Release|Any CPU.Build.0 = Release|Any CPU
		{905D9BE0-03A0-4C85-B72E-D19C7A8E8960}.Debug|Any CPU.ActiveCfg = Debug|Any CPU
		{905D9BE0-03A0-4C85-B72E-D19C7A8E8960}.Debug|Any CPU.Build.0 = Debug|Any CPU
		{905D9BE0-03A0-4C85-B72E-D19C7A8E8960}.Release|Any CPU.ActiveCfg = Release|Any CPU
		{905D9BE0-03A0-4C85-B72E-D19C7A8E8960}.Release|Any CPU.Build.0 = Release|Any CPU
		{F10690BF-C0E9-4EEF-8B43-C0635421634C}.Debug|Any CPU.ActiveCfg = Debug|Any CPU
		{F10690BF-C0E9-4EEF-8B43-C0635421634C}.Debug|Any CPU.Build.0 = Debug|Any CPU
		{F10690BF-C0E9-4EEF-8B43-C0635421634C}.Release|Any CPU.ActiveCfg = Release|Any CPU
		{F10690BF-C0E9-4EEF-8B43-C0635421634C}.Release|Any CPU.Build.0 = Release|Any CPU
		{77006C9B-18D4-4217-A650-D6BDEC7BD999}.Debug|Any CPU.ActiveCfg = Debug|Any CPU
		{77006C9B-18D4-4217-A650-D6BDEC7BD999}.Debug|Any CPU.Build.0 = Debug|Any CPU
		{77006C9B-18D4-4217-A650-D6BDEC7BD999}.Release|Any CPU.ActiveCfg = Release|Any CPU
		{77006C9B-18D4-4217-A650-D6BDEC7BD999}.Release|Any CPU.Build.0 = Release|Any CPU
		{ABA76852-BCCF-444D-92BC-2F4335EE9C40}.Debug|Any CPU.ActiveCfg = Debug|Any CPU
		{ABA76852-BCCF-444D-92BC-2F4335EE9C40}.Debug|Any CPU.Build.0 = Debug|Any CPU
		{ABA76852-BCCF-444D-92BC-2F4335EE9C40}.Release|Any CPU.ActiveCfg = Release|Any CPU
		{ABA76852-BCCF-444D-92BC-2F4335EE9C40}.Release|Any CPU.Build.0 = Release|Any CPU
		{234A860D-0C31-4708-A8DA-82C00012C3BF}.Debug|Any CPU.ActiveCfg = Debug|Any CPU
		{234A860D-0C31-4708-A8DA-82C00012C3BF}.Debug|Any CPU.Build.0 = Debug|Any CPU
		{234A860D-0C31-4708-A8DA-82C00012C3BF}.Release|Any CPU.ActiveCfg = Release|Any CPU
		{234A860D-0C31-4708-A8DA-82C00012C3BF}.Release|Any CPU.Build.0 = Release|Any CPU
		{D5ADF93C-F9CB-4F34-B303-1AD2EF6EFF36}.Debug|Any CPU.ActiveCfg = Debug|Any CPU
		{D5ADF93C-F9CB-4F34-B303-1AD2EF6EFF36}.Debug|Any CPU.Build.0 = Debug|Any CPU
		{D5ADF93C-F9CB-4F34-B303-1AD2EF6EFF36}.Release|Any CPU.ActiveCfg = Release|Any CPU
		{D5ADF93C-F9CB-4F34-B303-1AD2EF6EFF36}.Release|Any CPU.Build.0 = Release|Any CPU
		{C07A335B-FA1F-4681-9B67-68C4215ACBC5}.Debug|Any CPU.ActiveCfg = Debug|Any CPU
		{C07A335B-FA1F-4681-9B67-68C4215ACBC5}.Debug|Any CPU.Build.0 = Debug|Any CPU
		{C07A335B-FA1F-4681-9B67-68C4215ACBC5}.Release|Any CPU.ActiveCfg = Release|Any CPU
		{C07A335B-FA1F-4681-9B67-68C4215ACBC5}.Release|Any CPU.Build.0 = Release|Any CPU
		{DEFAABA3-E045-4425-98AF-9592C631F2E6}.Debug|Any CPU.ActiveCfg = Debug|Any CPU
		{DEFAABA3-E045-4425-98AF-9592C631F2E6}.Debug|Any CPU.Build.0 = Debug|Any CPU
		{DEFAABA3-E045-4425-98AF-9592C631F2E6}.Release|Any CPU.ActiveCfg = Release|Any CPU
		{DEFAABA3-E045-4425-98AF-9592C631F2E6}.Release|Any CPU.Build.0 = Release|Any CPU
		{38E94999-7ACB-42AD-93C6-5BFECEF7F100}.Debug|Any CPU.ActiveCfg = Debug|Any CPU
		{38E94999-7ACB-42AD-93C6-5BFECEF7F100}.Debug|Any CPU.Build.0 = Debug|Any CPU
		{38E94999-7ACB-42AD-93C6-5BFECEF7F100}.Release|Any CPU.ActiveCfg = Release|Any CPU
		{38E94999-7ACB-42AD-93C6-5BFECEF7F100}.Release|Any CPU.Build.0 = Release|Any CPU
		{C712925F-032A-441E-94D4-6AD0522440CA}.Debug|Any CPU.ActiveCfg = Debug|Any CPU
		{C712925F-032A-441E-94D4-6AD0522440CA}.Debug|Any CPU.Build.0 = Debug|Any CPU
		{C712925F-032A-441E-94D4-6AD0522440CA}.Release|Any CPU.ActiveCfg = Release|Any CPU
		{C712925F-032A-441E-94D4-6AD0522440CA}.Release|Any CPU.Build.0 = Release|Any CPU
		{8FE59A0A-9109-45A1-9591-371E0C642534}.Debug|Any CPU.ActiveCfg = Debug|Any CPU
		{8FE59A0A-9109-45A1-9591-371E0C642534}.Debug|Any CPU.Build.0 = Debug|Any CPU
		{8FE59A0A-9109-45A1-9591-371E0C642534}.Release|Any CPU.ActiveCfg = Release|Any CPU
		{8FE59A0A-9109-45A1-9591-371E0C642534}.Release|Any CPU.Build.0 = Release|Any CPU
		{4341C440-E9D9-4847-BD40-60FF1432A438}.Debug|Any CPU.ActiveCfg = Debug|Any CPU
		{4341C440-E9D9-4847-BD40-60FF1432A438}.Debug|Any CPU.Build.0 = Debug|Any CPU
		{4341C440-E9D9-4847-BD40-60FF1432A438}.Release|Any CPU.ActiveCfg = Release|Any CPU
		{4341C440-E9D9-4847-BD40-60FF1432A438}.Release|Any CPU.Build.0 = Release|Any CPU
		{2C192CDF-5AC4-4C38-954D-595D85BEB3F2}.Debug|Any CPU.ActiveCfg = Debug|Any CPU
		{2C192CDF-5AC4-4C38-954D-595D85BEB3F2}.Debug|Any CPU.Build.0 = Debug|Any CPU
		{2C192CDF-5AC4-4C38-954D-595D85BEB3F2}.Release|Any CPU.ActiveCfg = Release|Any CPU
		{2C192CDF-5AC4-4C38-954D-595D85BEB3F2}.Release|Any CPU.Build.0 = Release|Any CPU
		{821EA112-D359-4DE4-875C-4732F1B0F191}.Debug|Any CPU.ActiveCfg = Debug|Any CPU
		{821EA112-D359-4DE4-875C-4732F1B0F191}.Debug|Any CPU.Build.0 = Debug|Any CPU
		{821EA112-D359-4DE4-875C-4732F1B0F191}.Release|Any CPU.ActiveCfg = Release|Any CPU
		{821EA112-D359-4DE4-875C-4732F1B0F191}.Release|Any CPU.Build.0 = Release|Any CPU
		{1ACE4672-2EBB-49D0-B317-11A3BF7A91B7}.Debug|Any CPU.ActiveCfg = Debug|Any CPU
		{1ACE4672-2EBB-49D0-B317-11A3BF7A91B7}.Debug|Any CPU.Build.0 = Debug|Any CPU
		{1ACE4672-2EBB-49D0-B317-11A3BF7A91B7}.Release|Any CPU.ActiveCfg = Release|Any CPU
		{1ACE4672-2EBB-49D0-B317-11A3BF7A91B7}.Release|Any CPU.Build.0 = Release|Any CPU
		{BCE484E8-6CB8-4023-9AB7-FEAEA5F08348}.Debug|Any CPU.ActiveCfg = Debug|Any CPU
		{BCE484E8-6CB8-4023-9AB7-FEAEA5F08348}.Debug|Any CPU.Build.0 = Debug|Any CPU
		{BCE484E8-6CB8-4023-9AB7-FEAEA5F08348}.Release|Any CPU.ActiveCfg = Release|Any CPU
		{BCE484E8-6CB8-4023-9AB7-FEAEA5F08348}.Release|Any CPU.Build.0 = Release|Any CPU
		{EB8A57F1-23AA-4E6A-A1EF-88A5808F7B18}.Debug|Any CPU.ActiveCfg = Debug|Any CPU
		{EB8A57F1-23AA-4E6A-A1EF-88A5808F7B18}.Debug|Any CPU.Build.0 = Debug|Any CPU
		{EB8A57F1-23AA-4E6A-A1EF-88A5808F7B18}.Release|Any CPU.ActiveCfg = Release|Any CPU
		{EB8A57F1-23AA-4E6A-A1EF-88A5808F7B18}.Release|Any CPU.Build.0 = Release|Any CPU
		{8DAD1665-C5C6-4BD4-AA70-79A822EF06E8}.Debug|Any CPU.ActiveCfg = Debug|Any CPU
		{8DAD1665-C5C6-4BD4-AA70-79A822EF06E8}.Debug|Any CPU.Build.0 = Debug|Any CPU
		{8DAD1665-C5C6-4BD4-AA70-79A822EF06E8}.Release|Any CPU.ActiveCfg = Release|Any CPU
		{8DAD1665-C5C6-4BD4-AA70-79A822EF06E8}.Release|Any CPU.Build.0 = Release|Any CPU
		{EEA369DF-ACC7-4810-B3D6-F19AE563CC1B}.Debug|Any CPU.ActiveCfg = Debug|Any CPU
		{EEA369DF-ACC7-4810-B3D6-F19AE563CC1B}.Debug|Any CPU.Build.0 = Debug|Any CPU
		{EEA369DF-ACC7-4810-B3D6-F19AE563CC1B}.Release|Any CPU.ActiveCfg = Release|Any CPU
		{EEA369DF-ACC7-4810-B3D6-F19AE563CC1B}.Release|Any CPU.Build.0 = Release|Any CPU
		{2C0845E3-A117-4ACD-A724-C89424BE8F9C}.Debug|Any CPU.ActiveCfg = Debug|Any CPU
		{2C0845E3-A117-4ACD-A724-C89424BE8F9C}.Debug|Any CPU.Build.0 = Debug|Any CPU
		{2C0845E3-A117-4ACD-A724-C89424BE8F9C}.Release|Any CPU.ActiveCfg = Release|Any CPU
		{2C0845E3-A117-4ACD-A724-C89424BE8F9C}.Release|Any CPU.Build.0 = Release|Any CPU
		{76A5B472-1525-4236-9298-8246F7B0EB56}.Debug|Any CPU.ActiveCfg = Debug|Any CPU
		{76A5B472-1525-4236-9298-8246F7B0EB56}.Debug|Any CPU.Build.0 = Debug|Any CPU
		{76A5B472-1525-4236-9298-8246F7B0EB56}.Release|Any CPU.ActiveCfg = Release|Any CPU
		{76A5B472-1525-4236-9298-8246F7B0EB56}.Release|Any CPU.Build.0 = Release|Any CPU
		{29CB28D6-EE4E-4B2C-93E0-C897DBB897B6}.Debug|Any CPU.ActiveCfg = Debug|Any CPU
		{29CB28D6-EE4E-4B2C-93E0-C897DBB897B6}.Debug|Any CPU.Build.0 = Debug|Any CPU
		{29CB28D6-EE4E-4B2C-93E0-C897DBB897B6}.Release|Any CPU.ActiveCfg = Release|Any CPU
		{29CB28D6-EE4E-4B2C-93E0-C897DBB897B6}.Release|Any CPU.Build.0 = Release|Any CPU
		{C60333D3-6DB1-475C-86B0-E4267E02753A}.Debug|Any CPU.ActiveCfg = Debug|Any CPU
		{C60333D3-6DB1-475C-86B0-E4267E02753A}.Debug|Any CPU.Build.0 = Debug|Any CPU
		{C60333D3-6DB1-475C-86B0-E4267E02753A}.Release|Any CPU.ActiveCfg = Release|Any CPU
		{C60333D3-6DB1-475C-86B0-E4267E02753A}.Release|Any CPU.Build.0 = Release|Any CPU
		{7ABB55A5-0EAC-48B4-A7C0-1984EB97108C}.Debug|Any CPU.ActiveCfg = Debug|Any CPU
		{7ABB55A5-0EAC-48B4-A7C0-1984EB97108C}.Debug|Any CPU.Build.0 = Debug|Any CPU
		{7ABB55A5-0EAC-48B4-A7C0-1984EB97108C}.Release|Any CPU.ActiveCfg = Release|Any CPU
		{7ABB55A5-0EAC-48B4-A7C0-1984EB97108C}.Release|Any CPU.Build.0 = Release|Any CPU
	EndGlobalSection
	GlobalSection(SolutionProperties) = preSolution
		HideSolutionNode = FALSE
	EndGlobalSection
	GlobalSection(NestedProjects) = preSolution
		{A436DACD-0703-4880-A5C4-4DD29FEF2A92} = {1E99F166-1ED2-45F4-AD85-DA01DEE0F0A4}
		{79270631-E3A3-445F-8023-05D6ABB44075} = {1E99F166-1ED2-45F4-AD85-DA01DEE0F0A4}
		{E59D7981-3775-471C-830E-4977BD7FB929} = {1E99F166-1ED2-45F4-AD85-DA01DEE0F0A4}
		{3D00DA9A-A5B1-427B-AD9F-228AD0F1934F} = {1E99F166-1ED2-45F4-AD85-DA01DEE0F0A4}
		{905D9BE0-03A0-4C85-B72E-D19C7A8E8960} = {1E99F166-1ED2-45F4-AD85-DA01DEE0F0A4}
		{F10690BF-C0E9-4EEF-8B43-C0635421634C} = {1E99F166-1ED2-45F4-AD85-DA01DEE0F0A4}
		{77006C9B-18D4-4217-A650-D6BDEC7BD999} = {1E99F166-1ED2-45F4-AD85-DA01DEE0F0A4}
		{ABA76852-BCCF-444D-92BC-2F4335EE9C40} = {1E99F166-1ED2-45F4-AD85-DA01DEE0F0A4}
		{234A860D-0C31-4708-A8DA-82C00012C3BF} = {1E99F166-1ED2-45F4-AD85-DA01DEE0F0A4}
		{D5ADF93C-F9CB-4F34-B303-1AD2EF6EFF36} = {1E99F166-1ED2-45F4-AD85-DA01DEE0F0A4}
		{C07A335B-FA1F-4681-9B67-68C4215ACBC5} = {1E99F166-1ED2-45F4-AD85-DA01DEE0F0A4}
		{DEFAABA3-E045-4425-98AF-9592C631F2E6} = {1E99F166-1ED2-45F4-AD85-DA01DEE0F0A4}
		{38E94999-7ACB-42AD-93C6-5BFECEF7F100} = {1E99F166-1ED2-45F4-AD85-DA01DEE0F0A4}
		{C712925F-032A-441E-94D4-6AD0522440CA} = {1E99F166-1ED2-45F4-AD85-DA01DEE0F0A4}
		{8FE59A0A-9109-45A1-9591-371E0C642534} = {1E99F166-1ED2-45F4-AD85-DA01DEE0F0A4}
		{4341C440-E9D9-4847-BD40-60FF1432A438} = {1E99F166-1ED2-45F4-AD85-DA01DEE0F0A4}
		{2C192CDF-5AC4-4C38-954D-595D85BEB3F2} = {1E99F166-1ED2-45F4-AD85-DA01DEE0F0A4}
		{821EA112-D359-4DE4-875C-4732F1B0F191} = {1E99F166-1ED2-45F4-AD85-DA01DEE0F0A4}
		{1ACE4672-2EBB-49D0-B317-11A3BF7A91B7} = {1E99F166-1ED2-45F4-AD85-DA01DEE0F0A4}
		{BCE484E8-6CB8-4023-9AB7-FEAEA5F08348} = {1E99F166-1ED2-45F4-AD85-DA01DEE0F0A4}
		{EB8A57F1-23AA-4E6A-A1EF-88A5808F7B18} = {1E99F166-1ED2-45F4-AD85-DA01DEE0F0A4}
		{8DAD1665-C5C6-4BD4-AA70-79A822EF06E8} = {1E99F166-1ED2-45F4-AD85-DA01DEE0F0A4}
		{EEA369DF-ACC7-4810-B3D6-F19AE563CC1B} = {1E99F166-1ED2-45F4-AD85-DA01DEE0F0A4}
		{2C0845E3-A117-4ACD-A724-C89424BE8F9C} = {1E99F166-1ED2-45F4-AD85-DA01DEE0F0A4}
		{76A5B472-1525-4236-9298-8246F7B0EB56} = {1E99F166-1ED2-45F4-AD85-DA01DEE0F0A4}
		{29CB28D6-EE4E-4B2C-93E0-C897DBB897B6} = {1E99F166-1ED2-45F4-AD85-DA01DEE0F0A4}
		{C60333D3-6DB1-475C-86B0-E4267E02753A} = {1E99F166-1ED2-45F4-AD85-DA01DEE0F0A4}
		{7ABB55A5-0EAC-48B4-A7C0-1984EB97108C} = {1E99F166-1ED2-45F4-AD85-DA01DEE0F0A4}
	EndGlobalSection
	GlobalSection(ExtensibilityGlobals) = postSolution
		SolutionGuid = {703CF764-4886-4C08-8994-027A84069665}
	EndGlobalSection
EndGlobal
